
Microsoft Visual Studio Solution File, Format Version 12.00
# Visual Studio Version 16
VisualStudioVersion = 16.0.28803.452
MinimumVisualStudioVersion = 10.0.40219.1
Project("{FAE04EC0-301F-11D3-BF4B-00C04F79EFBC}") = "WpfControlLibrary", "WpfControlLibrary\WpfControlLibrary.csproj", "{A052A12D-38A6-4370-ACD7-31BEC5B4EA46}"
EndProject
Project("{FAE04EC0-301F-11D3-BF4B-00C04F79EFBC}") = "WpfApp", "WpfApp\WpfApp.csproj", "{C65F1EED-9FCE-46FF-86ED-C32E46309F04}"
EndProject
Global
	GlobalSection(SolutionConfigurationPlatforms) = preSolution
		Debug|Any CPU = Debug|Any CPU
		Release|Any CPU = Release|Any CPU
	EndGlobalSection
	GlobalSection(ProjectConfigurationPlatforms) = postSolution
		{A052A12D-38A6-4370-ACD7-31BEC5B4EA46}.Debug|Any CPU.ActiveCfg = Debug|Any CPU
		{A052A12D-38A6-4370-ACD7-31BEC5B4EA46}.Debug|Any CPU.Build.0 = Debug|Any CPU
		{A052A12D-38A6-4370-ACD7-31BEC5B4EA46}.Release|Any CPU.ActiveCfg = Release|Any CPU
		{A052A12D-38A6-4370-ACD7-31BEC5B4EA46}.Release|Any CPU.Build.0 = Release|Any CPU
		{C65F1EED-9FCE-46FF-86ED-C32E46309F04}.Debug|Any CPU.ActiveCfg = Debug|Any CPU
		{C65F1EED-9FCE-46FF-86ED-C32E46309F04}.Debug|Any CPU.Build.0 = Debug|Any CPU
		{C65F1EED-9FCE-46FF-86ED-C32E46309F04}.Release|Any CPU.ActiveCfg = Release|Any CPU
		{C65F1EED-9FCE-46FF-86ED-C32E46309F04}.Release|Any CPU.Build.0 = Release|Any CPU
	EndGlobalSection
	GlobalSection(SolutionProperties) = preSolution
		HideSolutionNode = FALSE
	EndGlobalSection
	GlobalSection(ExtensibilityGlobals) = postSolution
		SolutionGuid = {ED6F601F-62D7-465F-9B3F-DFE03EF6E2C7}
	EndGlobalSection
EndGlobal
